
Microsoft Visual Studio Solution File, Format Version 12.00
# Visual Studio Version 17
VisualStudioVersion = 17.4.33110.190
MinimumVisualStudioVersion = 10.0.40219.1
Project("{9A19103F-16F7-4668-BE54-9A1E7A4F7556}") = "VoxelRayRendering", "VoxelRayRendering\VoxelRayRendering.csproj", "{6B53931E-F03A-49D9-92EA-E8C687C391D8}"
EndProject
Project("{9A19103F-16F7-4668-BE54-9A1E7A4F7556}") = "VoxelMeshRendering", "VoxelMeshRendering\VoxelMeshRendering.csproj", "{A09E7C06-4D11-4A10-A1CE-23D28893A790}"
EndProject
Project("{9A19103F-16F7-4668-BE54-9A1E7A4F7556}") = "2DRayCasting", "2DRayCasting\2DRayCasting.csproj", "{1FF0A0A7-8A64-42F3-824C-40F6C91FE57A}"
EndProject
Project("{9A19103F-16F7-4668-BE54-9A1E7A4F7556}") = "QuadTreeTest", "QuadTreeTest\QuadTreeTest.csproj", "{C33FE889-0708-4671-A713-E11096FE3AF3}"
EndProject
Project("{9A19103F-16F7-4668-BE54-9A1E7A4F7556}") = "QuadTreeDDA", "QuadTreeDDA\QuadTreeDDA.csproj", "{BB707F42-3CDC-4334-816A-72C9BD865A4F}"
EndProject
Project("{9A19103F-16F7-4668-BE54-9A1E7A4F7556}") = "OptiLib", "OptiLib\OptiLib.csproj", "{E924E183-19D7-4BA3-9C0A-205197802533}"
EndProject
Project("{9A19103F-16F7-4668-BE54-9A1E7A4F7556}") = "InputLib", "InputLib\InputLib.csproj", "{057A6C73-3086-4E94-8D7B-80D0672D20D0}"
EndProject
Project("{9A19103F-16F7-4668-BE54-9A1E7A4F7556}") = "RenderLib", "RenderLib\RenderLib.csproj", "{75B2E947-211A-4237-AD74-AC62D05AB4FE}"
EndProject
Project("{9A19103F-16F7-4668-BE54-9A1E7A4F7556}") = "CodeSnipets", "CodeSnipets\CodeSnipets.csproj", "{915C7B3F-04D2-46E0-B6B0-C5D56004D2A5}"
EndProject
Project("{9A19103F-16F7-4668-BE54-9A1E7A4F7556}") = "RayCasting_Plain", "RayCasting_Plain\RayCasting_Plain.csproj", "{DE3FFD95-69D2-4ED4-BE79-8B031A170DB4}"
EndProject
Project("{9A19103F-16F7-4668-BE54-9A1E7A4F7556}") = "RayCastingLib", "RayCastingLib\RayCastingLib.csproj", "{D244D890-437E-440C-8ECF-073B79376685}"
EndProject
Global
	GlobalSection(SolutionConfigurationPlatforms) = preSolution
		Debug|Any CPU = Debug|Any CPU
		Release|Any CPU = Release|Any CPU
	EndGlobalSection
	GlobalSection(ProjectConfigurationPlatforms) = postSolution
		{6B53931E-F03A-49D9-92EA-E8C687C391D8}.Debug|Any CPU.ActiveCfg = Debug|Any CPU
		{6B53931E-F03A-49D9-92EA-E8C687C391D8}.Debug|Any CPU.Build.0 = Debug|Any CPU
		{6B53931E-F03A-49D9-92EA-E8C687C391D8}.Release|Any CPU.ActiveCfg = Release|Any CPU
		{6B53931E-F03A-49D9-92EA-E8C687C391D8}.Release|Any CPU.Build.0 = Release|Any CPU
		{A09E7C06-4D11-4A10-A1CE-23D28893A790}.Debug|Any CPU.ActiveCfg = Debug|Any CPU
		{A09E7C06-4D11-4A10-A1CE-23D28893A790}.Debug|Any CPU.Build.0 = Debug|Any CPU
		{A09E7C06-4D11-4A10-A1CE-23D28893A790}.Release|Any CPU.ActiveCfg = Release|Any CPU
		{A09E7C06-4D11-4A10-A1CE-23D28893A790}.Release|Any CPU.Build.0 = Release|Any CPU
		{1FF0A0A7-8A64-42F3-824C-40F6C91FE57A}.Debug|Any CPU.ActiveCfg = Debug|Any CPU
		{1FF0A0A7-8A64-42F3-824C-40F6C91FE57A}.Debug|Any CPU.Build.0 = Debug|Any CPU
		{1FF0A0A7-8A64-42F3-824C-40F6C91FE57A}.Release|Any CPU.ActiveCfg = Release|Any CPU
		{1FF0A0A7-8A64-42F3-824C-40F6C91FE57A}.Release|Any CPU.Build.0 = Release|Any CPU
		{C33FE889-0708-4671-A713-E11096FE3AF3}.Debug|Any CPU.ActiveCfg = Debug|Any CPU
		{C33FE889-0708-4671-A713-E11096FE3AF3}.Debug|Any CPU.Build.0 = Debug|Any CPU
		{C33FE889-0708-4671-A713-E11096FE3AF3}.Release|Any CPU.ActiveCfg = Release|Any CPU
		{C33FE889-0708-4671-A713-E11096FE3AF3}.Release|Any CPU.Build.0 = Release|Any CPU
		{BB707F42-3CDC-4334-816A-72C9BD865A4F}.Debug|Any CPU.ActiveCfg = Debug|Any CPU
		{BB707F42-3CDC-4334-816A-72C9BD865A4F}.Debug|Any CPU.Build.0 = Debug|Any CPU
		{BB707F42-3CDC-4334-816A-72C9BD865A4F}.Release|Any CPU.ActiveCfg = Release|Any CPU
		{BB707F42-3CDC-4334-816A-72C9BD865A4F}.Release|Any CPU.Build.0 = Release|Any CPU
		{E924E183-19D7-4BA3-9C0A-205197802533}.Debug|Any CPU.ActiveCfg = Debug|Any CPU
		{E924E183-19D7-4BA3-9C0A-205197802533}.Debug|Any CPU.Build.0 = Debug|Any CPU
		{E924E183-19D7-4BA3-9C0A-205197802533}.Release|Any CPU.ActiveCfg = Release|Any CPU
		{E924E183-19D7-4BA3-9C0A-205197802533}.Release|Any CPU.Build.0 = Release|Any CPU
		{057A6C73-3086-4E94-8D7B-80D0672D20D0}.Debug|Any CPU.ActiveCfg = Debug|Any CPU
		{057A6C73-3086-4E94-8D7B-80D0672D20D0}.Debug|Any CPU.Build.0 = Debug|Any CPU
		{057A6C73-3086-4E94-8D7B-80D0672D20D0}.Release|Any CPU.ActiveCfg = Release|Any CPU
		{057A6C73-3086-4E94-8D7B-80D0672D20D0}.Release|Any CPU.Build.0 = Release|Any CPU
		{75B2E947-211A-4237-AD74-AC62D05AB4FE}.Debug|Any CPU.ActiveCfg = Debug|Any CPU
		{75B2E947-211A-4237-AD74-AC62D05AB4FE}.Debug|Any CPU.Build.0 = Debug|Any CPU
		{75B2E947-211A-4237-AD74-AC62D05AB4FE}.Release|Any CPU.ActiveCfg = Release|Any CPU
		{75B2E947-211A-4237-AD74-AC62D05AB4FE}.Release|Any CPU.Build.0 = Release|Any CPU
		{915C7B3F-04D2-46E0-B6B0-C5D56004D2A5}.Debug|Any CPU.ActiveCfg = Debug|Any CPU
		{915C7B3F-04D2-46E0-B6B0-C5D56004D2A5}.Debug|Any CPU.Build.0 = Debug|Any CPU
		{915C7B3F-04D2-46E0-B6B0-C5D56004D2A5}.Release|Any CPU.ActiveCfg = Release|Any CPU
		{915C7B3F-04D2-46E0-B6B0-C5D56004D2A5}.Release|Any CPU.Build.0 = Release|Any CPU
		{DE3FFD95-69D2-4ED4-BE79-8B031A170DB4}.Debug|Any CPU.ActiveCfg = Debug|Any CPU
		{DE3FFD95-69D2-4ED4-BE79-8B031A170DB4}.Debug|Any CPU.Build.0 = Debug|Any CPU
		{DE3FFD95-69D2-4ED4-BE79-8B031A170DB4}.Release|Any CPU.ActiveCfg = Release|Any CPU
		{DE3FFD95-69D2-4ED4-BE79-8B031A170DB4}.Release|Any CPU.Build.0 = Release|Any CPU
		{D244D890-437E-440C-8ECF-073B79376685}.Debug|Any CPU.ActiveCfg = Debug|Any CPU
		{D244D890-437E-440C-8ECF-073B79376685}.Debug|Any CPU.Build.0 = Debug|Any CPU
		{D244D890-437E-440C-8ECF-073B79376685}.Release|Any CPU.ActiveCfg = Release|Any CPU
		{D244D890-437E-440C-8ECF-073B79376685}.Release|Any CPU.Build.0 = Release|Any CPU
	EndGlobalSection
	GlobalSection(SolutionProperties) = preSolution
		HideSolutionNode = FALSE
	EndGlobalSection
	GlobalSection(ExtensibilityGlobals) = postSolution
		SolutionGuid = {AD4EFC1E-65A1-4531-A875-D309436BB5B1}
	EndGlobalSection
EndGlobal
